
Microsoft Visual Studio Solution File, Format Version 12.00
# Visual Studio Version 17
VisualStudioVersion = 17.3.32901.215
MinimumVisualStudioVersion = 10.0.40219.1
Project("{9A19103F-16F7-4668-BE54-9A1E7A4F7556}") = "Device.Pump.GUI", "Device.Pump.GUI\Device.Pump.GUI.csproj", "{61A1A844-5F0F-4B94-8D8A-A64672F4E414}"
EndProject
Project("{2150E333-8FDC-42A3-9474-1A3956D46DE8}") = "Solution Items", "Solution Items", "{1AF2F09D-522F-4BA7-9137-5CA6AB225BA0}"
	ProjectSection(SolutionItems) = preProject
		.editorconfig = .editorconfig
		build.cake = build.cake
		SyringePump.nsi = SyringePump.nsi
		README.md = README.md
	EndProjectSection
EndProject
Project("{9A19103F-16F7-4668-BE54-9A1E7A4F7556}") = "Device.Pump", "Device.Pump\Device.Pump.csproj", "{8CAB4845-608A-4DF1-8E97-F0E25FE6769D}"
EndProject
Global
	GlobalSection(SolutionConfigurationPlatforms) = preSolution
		Debug|Any CPU = Debug|Any CPU
		Release|Any CPU = Release|Any CPU
	EndGlobalSection
	GlobalSection(ProjectConfigurationPlatforms) = postSolution
		{61A1A844-5F0F-4B94-8D8A-A64672F4E414}.Debug|Any CPU.ActiveCfg = Debug|Any CPU
		{61A1A844-5F0F-4B94-8D8A-A64672F4E414}.Debug|Any CPU.Build.0 = Debug|Any CPU
		{61A1A844-5F0F-4B94-8D8A-A64672F4E414}.Release|Any CPU.ActiveCfg = Release|Any CPU
		{61A1A844-5F0F-4B94-8D8A-A64672F4E414}.Release|Any CPU.Build.0 = Release|Any CPU
		{8CAB4845-608A-4DF1-8E97-F0E25FE6769D}.Debug|Any CPU.ActiveCfg = Debug|Any CPU
		{8CAB4845-608A-4DF1-8E97-F0E25FE6769D}.Debug|Any CPU.Build.0 = Debug|Any CPU
		{8CAB4845-608A-4DF1-8E97-F0E25FE6769D}.Release|Any CPU.ActiveCfg = Release|Any CPU
		{8CAB4845-608A-4DF1-8E97-F0E25FE6769D}.Release|Any CPU.Build.0 = Release|Any CPU
	EndGlobalSection
	GlobalSection(SolutionProperties) = preSolution
		HideSolutionNode = FALSE
	EndGlobalSection
	GlobalSection(ExtensibilityGlobals) = postSolution
		SolutionGuid = {ED744F7C-04B6-43B6-845D-CF219C955A0F}
	EndGlobalSection
EndGlobal
